Microsoft Visual Studio Solution File, Format Version 12.00
# Visual Studio Version 18
VisualStudioVersion = 18.0.11201.2 d18.0
MinimumVisualStudioVersion = 10.0.40219.1
Project("{FAE04EC0-301F-11D3-BF4B-00C04F79EFBC}") = "ReGo.MCP", "ReGo.MCP.csproj", "{8251FBC1-A9BA-FFB8-FF0F-EFB2F0629210}"
EndProject
Project("{FAE04EC0-301F-11D3-BF4B-00C04F79EFBC}") = "ReGo.RegonApi", "ReGo.RegonApi\ReGo.RegonApi.csproj", "{D9E0DAE5-7B92-6746-8F0F-C5D3264DFE4E}"
EndProject
Global
	GlobalSection(SolutionConfigurationPlatforms) = preSolution
		Debug|Any CPU = Debug|Any CPU
		Release|Any CPU = Release|Any CPU
	EndGlobalSection
	GlobalSection(ProjectConfigurationPlatforms) = postSolution
		{8251FBC1-A9BA-FFB8-FF0F-EFB2F0629210}.Debug|Any CPU.ActiveCfg = Debug|Any CPU
		{8251FBC1-A9BA-FFB8-FF0F-EFB2F0629210}.Debug|Any CPU.Build.0 = Debug|Any CPU
		{8251FBC1-A9BA-FFB8-FF0F-EFB2F0629210}.Release|Any CPU.ActiveCfg = Release|Any CPU
		{8251FBC1-A9BA-FFB8-FF0F-EFB2F0629210}.Release|Any CPU.Build.0 = Release|Any CPU
		{D9E0DAE5-7B92-6746-8F0F-C5D3264DFE4E}.Debug|Any CPU.ActiveCfg = Debug|Any CPU
		{D9E0DAE5-7B92-6746-8F0F-C5D3264DFE4E}.Debug|Any CPU.Build.0 = Debug|Any CPU
		{D9E0DAE5-7B92-6746-8F0F-C5D3264DFE4E}.Release|Any CPU.ActiveCfg = Release|Any CPU
		{D9E0DAE5-7B92-6746-8F0F-C5D3264DFE4E}.Release|Any CPU.Build.0 = Release|Any CPU
	EndGlobalSection
	GlobalSection(SolutionProperties) = preSolution
		HideSolutionNode = FALSE
	EndGlobalSection
	GlobalSection(ExtensibilityGlobals) = postSolution
		SolutionGuid = {60C7C427-8938-4E44-B0B5-101DFD74504B}
	EndGlobalSection
EndGlobal
